// !$*UTF8*$!
{
	archiveVersion = 1;
	classes = {
	};
	objectVersion = 46;
	objects = {

/* Begin PBXBuildFile section */
		1D0246231A3A391A009A37EE /* Land.swift in Sources */ = {isa = PBXBuildFile; fileRef = 1D0246221A3A391A009A37EE /* Land.swift */; };
		1D62BF031A3B6266003FF4AB /* Farm.swift in Sources */ = {isa = PBXBuildFile; fileRef = 1D62BF021A3B6266003FF4AB /* Farm.swift */; };
		1DC5BB551A37AA4400F8DA6F /* AppDelegate.swift in Sources */ = {isa = PBXBuildFile; fileRef = 1DC5BB541A37AA4400F8DA6F /* AppDelegate.swift */; };
		1DC5BB571A37AA4400F8DA6F /* ViewController.swift in Sources */ = {isa = PBXBuildFile; fileRef = 1DC5BB561A37AA4400F8DA6F /* ViewController.swift */; };
		1DC5BB5A1A37AA4400F8DA6F /* Main.storyboard in Resources */ = {isa = PBXBuildFile; fileRef = 1DC5BB581A37AA4400F8DA6F /* Main.storyboard */; };
		1DC5BB5C1A37AA4400F8DA6F /* Images.xcassets in Resources */ = {isa = PBXBuildFile; fileRef = 1DC5BB5B1A37AA4400F8DA6F /* Images.xcassets */; };
		1DC5BB5F1A37AA4400F8DA6F /* LaunchScreen.xib in Resources */ = {isa = PBXBuildFile; fileRef = 1DC5BB5D1A37AA4400F8DA6F /* LaunchScreen.xib */; };
		1DC5BB6B1A37AA4500F8DA6F /* BioFarmTests.swift in Sources */ = {isa = PBXBuildFile; fileRef = 1DC5BB6A1A37AA4500F8DA6F /* BioFarmTests.swift */; };
		381381A21A3B602300CF8853 /* Crop.swift in Sources */ = {isa = PBXBuildFile; fileRef = 381381A11A3B602300CF8853 /* Crop.swift */; };
		3829B70F1A3A37BE000AF8A5 /* Event.swift in Sources */ = {isa = PBXBuildFile; fileRef = 3829B70E1A3A37BE000AF8A5 /* Event.swift */; };
		383B4F5E1A3A4A8900EF9120 /* Money.swift in Sources */ = {isa = PBXBuildFile; fileRef = 383B4F5D1A3A4A8900EF9120 /* Money.swift */; };
/* End PBXBuildFile section */

/* Begin PBXContainerItemProxy section */
		1DC5BB651A37AA4500F8DA6F /* PBXContainerItemProxy */ = {
			isa = PBXContainerItemProxy;
			containerPortal = 1DC5BB471A37AA4400F8DA6F /* Project object */;
			proxyType = 1;
			remoteGlobalIDString = 1DC5BB4E1A37AA4400F8DA6F;
			remoteInfo = BioFarm;
		};
/* End PBXContainerItemProxy section */

/* Begin PBXFileReference section */
		1D0246221A3A391A009A37EE /* Land.swift */ = {isa = PBXFileReference; fileEncoding = 4; lastKnownFileType = sourcecode.swift; path = Land.swift; sourceTree = "<group>"; };
		1D62BF021A3B6266003FF4AB /* Farm.swift */ = {isa = PBXFileReference; fileEncoding = 4; lastKnownFileType = sourcecode.swift; path = Farm.swift; sourceTree = "<group>"; };
		1DC5BB4F1A37AA4400F8DA6F /* BioFarm.app */ = {isa = PBXFileReference; explicitFileType = wrapper.application; includeInIndex = 0; path = BioFarm.app; sourceTree = BUILT_PRODUCTS_DIR; };
		1DC5BB531A37AA4400F8DA6F /* Info.plist */ = {isa = PBXFileReference; lastKnownFileType = text.plist.xml; path = Info.plist; sourceTree = "<group>"; };
		1DC5BB541A37AA4400F8DA6F /* AppDelegate.swift */ = {isa = PBXFileReference; lastKnownFileType = sourcecode.swift; path = AppDelegate.swift; sourceTree = "<group>"; };
		1DC5BB561A37AA4400F8DA6F /* ViewController.swift */ = {isa = PBXFileReference; lastKnownFileType = sourcecode.swift; path = ViewController.swift; sourceTree = "<group>"; };
		1DC5BB591A37AA4400F8DA6F /* Base */ = {isa = PBXFileReference; lastKnownFileType = file.storyboard; name = Base; path = Base.lproj/Main.storyboard; sourceTree = "<group>"; };
		1DC5BB5B1A37AA4400F8DA6F /* Images.xcassets */ = {isa = PBXFileReference; lastKnownFileType = folder.assetcatalog; path = Images.xcassets; sourceTree = "<group>"; };
		1DC5BB5E1A37AA4400F8DA6F /* Base */ = {isa = PBXFileReference; lastKnownFileType = file.xib; name = Base; path = Base.lproj/LaunchScreen.xib; sourceTree = "<group>"; };
		1DC5BB641A37AA4500F8DA6F /* BioFarmTests.xctest */ = {isa = PBXFileReference; explicitFileType = wrapper.cfbundle; includeInIndex = 0; path = BioFarmTests.xctest; sourceTree = BUILT_PRODUCTS_DIR; };
		1DC5BB691A37AA4500F8DA6F /* Info.plist */ = {isa = PBXFileReference; lastKnownFileType = text.plist.xml; path = Info.plist; sourceTree = "<group>"; };
		1DC5BB6A1A37AA4500F8DA6F /* BioFarmTests.swift */ = {isa = PBXFileReference; lastKnownFileType = sourcecode.swift; path = BioFarmTests.swift; sourceTree = "<group>"; };
		381381A11A3B602300CF8853 /* Crop.swift */ = {isa = PBXFileReference; fileEncoding = 4; lastKnownFileType = sourcecode.swift; path = Crop.swift; sourceTree = "<group>"; };
		3829B70E1A3A37BE000AF8A5 /* Event.swift */ = {isa = PBXFileReference; fileEncoding = 4; lastKnownFileType = sourcecode.swift; path = Event.swift; sourceTree = "<group>"; };
		383B4F5D1A3A4A8900EF9120 /* Money.swift */ = {isa = PBXFileReference; fileEncoding = 4; lastKnownFileType = sourcecode.swift; path = Money.swift; sourceTree = "<group>"; };
/* End PBXFileReference section */

/* Begin PBXFrameworksBuildPhase section */
		1DC5BB4C1A37AA4400F8DA6F /* Frameworks */ = {
			isa = PBXFrameworksBuildPhase;
			buildActionMask = 2147483647;
			files = (
			);
			runOnlyForDeploymentPostprocessing = 0;
		};
		1DC5BB611A37AA4500F8DA6F /* Frameworks */ = {
			isa = PBXFrameworksBuildPhase;
			buildActionMask = 2147483647;
			files = (
			);
			runOnlyForDeploymentPostprocessing = 0;
		};
/* End PBXFrameworksBuildPhase section */

/* Begin PBXGroup section */
		1DC5BB461A37AA4400F8DA6F = {
			isa = PBXGroup;
			children = (
				1DC5BB511A37AA4400F8DA6F /* BioFarm */,
				1DC5BB671A37AA4500F8DA6F /* BioFarmTests */,
				1DC5BB501A37AA4400F8DA6F /* Products */,
			);
			sourceTree = "<group>";
		};
		1DC5BB501A37AA4400F8DA6F /* Products */ = {
			isa = PBXGroup;
			children = (
				1DC5BB4F1A37AA4400F8DA6F /* BioFarm.app */,
				1DC5BB641A37AA4500F8DA6F /* BioFarmTests.xctest */,
			);
			name = Products;
			sourceTree = "<group>";
		};
		1DC5BB511A37AA4400F8DA6F /* BioFarm */ = {
			isa = PBXGroup;
			children = (
				1D62BF021A3B6266003FF4AB /* Farm.swift */,
				1DC5BB541A37AA4400F8DA6F /* AppDelegate.swift */,
				1DC5BB561A37AA4400F8DA6F /* ViewController.swift */,
				3829B70E1A3A37BE000AF8A5 /* Event.swift */,
				383B4F5D1A3A4A8900EF9120 /* Money.swift */,
				1DC5BB581A37AA4400F8DA6F /* Main.storyboard */,
				1DC5BB5D1A37AA4400F8DA6F /* LaunchScreen.xib */,
				1DC5BB5B1A37AA4400F8DA6F /* Images.xcassets */,
				1DC5BB521A37AA4400F8DA6F /* Supporting Files */,
				1D0246221A3A391A009A37EE /* Land.swift */,
				381381A11A3B602300CF8853 /* Crop.swift */,
			);
			path = BioFarm;
			sourceTree = "<group>";
		};
		1DC5BB521A37AA4400F8DA6F /* Supporting Files */ = {
			isa = PBXGroup;
			children = (
				1DC5BB531A37AA4400F8DA6F /* Info.plist */,
			);
			name = "Supporting Files";
			sourceTree = "<group>";
		};
		1DC5BB671A37AA4500F8DA6F /* BioFarmTests */ = {
			isa = PBXGroup;
			children = (
				1DC5BB6A1A37AA4500F8DA6F /* BioFarmTests.swift */,
				1DC5BB681A37AA4500F8DA6F /* Supporting Files */,
			);
			path = BioFarmTests;
			sourceTree = "<group>";
		};
		1DC5BB681A37AA4500F8DA6F /* Supporting Files */ = {
			isa = PBXGroup;
			children = (
				1DC5BB691A37AA4500F8DA6F /* Info.plist */,
			);
			name = "Supporting Files";
			sourceTree = "<group>";
		};
/* End PBXGroup section */

/* Begin PBXNativeTarget section */
		1DC5BB4E1A37AA4400F8DA6F /* BioFarm */ = {
			isa = PBXNativeTarget;
			buildConfigurationList = 1DC5BB6E1A37AA4500F8DA6F /* Build configuration list for PBXNativeTarget "BioFarm" */;
			buildPhases = (
				1DC5BB4B1A37AA4400F8DA6F /* Sources */,
				1DC5BB4C1A37AA4400F8DA6F /* Frameworks */,
				1DC5BB4D1A37AA4400F8DA6F /* Resources */,
			);
			buildRules = (
			);
			dependencies = (
			);
			name = BioFarm;
			productName = BioFarm;
			productReference = 1DC5BB4F1A37AA4400F8DA6F /* BioFarm.app */;
			productType = "com.apple.product-type.application";
		};
		1DC5BB631A37AA4500F8DA6F /* BioFarmTests */ = {
			isa = PBXNativeTarget;
			buildConfigurationList = 1DC5BB711A37AA4500F8DA6F /* Build configuration list for PBXNativeTarget "BioFarmTests" */;
			buildPhases = (
				1DC5BB601A37AA4500F8DA6F /* Sources */,
				1DC5BB611A37AA4500F8DA6F /* Frameworks */,
				1DC5BB621A37AA4500F8DA6F /* Resources */,
			);
			buildRules = (
			);
			dependencies = (
				1DC5BB661A37AA4500F8DA6F /* PBXTargetDependency */,
			);
			name = BioFarmTests;
			productName = BioFarmTests;
			productReference = 1DC5BB641A37AA4500F8DA6F /* BioFarmTests.xctest */;
			productType = "com.apple.product-type.bundle.unit-test";
		};
/* End PBXNativeTarget section */

/* Begin PBXProject section */
		1DC5BB471A37AA4400F8DA6F /* Project object */ = {
			isa = PBXProject;
			attributes = {
				LastUpgradeCheck = 0610;
				TargetAttributes = {
					1DC5BB4E1A37AA4400F8DA6F = {
						CreatedOnToolsVersion = 6.1;
					};
					1DC5BB631A37AA4500F8DA6F = {
						CreatedOnToolsVersion = 6.1;
						TestTargetID = 1DC5BB4E1A37AA4400F8DA6F;
					};
				};
			};
			buildConfigurationList = 1DC5BB4A1A37AA4400F8DA6F /* Build configuration list for PBXProject "BioFarm" */;
			compatibilityVersion = "Xcode 3.2";
			developmentRegion = English;
			hasScannedForEncodings = 0;
			knownRegions = (
				en,
				Base,
			);
			mainGroup = 1DC5BB461A37AA4400F8DA6F;
			productRefGroup = 1DC5BB501A37AA4400F8DA6F /* Products */;
			projectDirPath = "";
			projectRoot = "";
			targets = (
				1DC5BB4E1A37AA4400F8DA6F /* BioFarm */,
				1DC5BB631A37AA4500F8DA6F /* BioFarmTests */,
			);
		};
/* End PBXProject section */

/* Begin PBXResourcesBuildPhase section */
		1DC5BB4D1A37AA4400F8DA6F /* Resources */ = {
			isa = PBXResourcesBuildPhase;
			buildActionMask = 2147483647;
			files = (
				1DC5BB5A1A37AA4400F8DA6F /* Main.storyboard in Resources */,
				1DC5BB5F1A37AA4400F8DA6F /* LaunchScreen.xib in Resources */,
				1DC5BB5C1A37AA4400F8DA6F /* Images.xcassets in Resources */,
			);
			runOnlyForDeploymentPostprocessing = 0;
		};
		1DC5BB621A37AA4500F8DA6F /* Resources */ = {
			isa = PBXResourcesBuildPhase;
			buildActionMask = 2147483647;
			files = (
			);
			runOnlyForDeploymentPostprocessing = 0;
		};
/* End PBXResourcesBuildPhase section */

/* Begin PBXSourcesBuildPhase section */
		1DC5BB4B1A37AA4400F8DA6F /* Sources */ = {
			isa = PBXSourcesBuildPhase;
			buildActionMask = 2147483647;
			files = (
				1DC5BB571A37AA4400F8DA6F /* ViewController.swift in Sources */,
				1D62BF031A3B6266003FF4AB /* Farm.swift in Sources */,
				383B4F5E1A3A4A8900EF9120 /* Money.swift in Sources */,
				3829B70F1A3A37BE000AF8A5 /* Event.swift in Sources */,
				1DC5BB551A37AA4400F8DA6F /* AppDelegate.swift in Sources */,
				1D0246231A3A391A009A37EE /* Land.swift in Sources */,
				381381A21A3B602300CF8853 /* Crop.swift in Sources */,
			);
			runOnlyForDeploymentPostprocessing = 0;
		};
		1DC5BB601A37AA4500F8DA6F /* Sources */ = {
			isa = PBXSourcesBuildPhase;
			buildActionMask = 2147483647;
			files = (
				1DC5BB6B1A37AA4500F8DA6F /* BioFarmTests.swift in Sources */,
			);
			runOnlyForDeploymentPostprocessing = 0;
		};
/* End PBXSourcesBuildPhase section */

/* Begin PBXTargetDependency section */
		1DC5BB661A37AA4500F8DA6F /* PBXTargetDependency */ = {
			isa = PBXTargetDependency;
			target = 1DC5BB4E1A37AA4400F8DA6F /* BioFarm */;
			targetProxy = 1DC5BB651A37AA4500F8DA6F /* PBXContainerItemProxy */;
		};
/* End PBXTargetDependency section */

/* Begin PBXVariantGroup section */
		1DC5BB581A37AA4400F8DA6F /* Main.storyboard */ = {
			isa = PBXVariantGroup;
			children = (
				1DC5BB591A37AA4400F8DA6F /* Base */,
			);
			name = Main.storyboard;
			sourceTree = "<group>";
		};
		1DC5BB5D1A37AA4400F8DA6F /* LaunchScreen.xib */ = {
			isa = PBXVariantGroup;
			children = (
				1DC5BB5E1A37AA4400F8DA6F /* Base */,
			);
			name = LaunchScreen.xib;
			sourceTree = "<group>";
		};
/* End PBXVariantGroup section */

/* Begin XCBuildConfiguration section */
		1DC5BB6C1A37AA4500F8DA6F /* Debug */ = {
			isa = XCBuildConfiguration;
			buildSettings = {
				ALWAYS_SEARCH_USER_PATHS = NO;
				CLANG_CXX_LANGUAGE_STANDARD = "gnu++0x";
				CLANG_CXX_LIBRARY = "libc++";
				CLANG_ENABLE_MODULES = YES;
				CLANG_ENABLE_OBJC_ARC = YES;
				CLANG_WARN_BOOL_CONVERSION = YES;
				CLANG_WARN_CONSTANT_CONVERSION = YES;
				CLANG_WARN_DIRECT_OBJC_ISA_USAGE = YES_ERROR;
				CLANG_WARN_EMPTY_BODY = YES;
				CLANG_WARN_ENUM_CONVERSION = YES;
				CLANG_WARN_INT_CONVERSION = YES;
				CLANG_WARN_OBJC_ROOT_CLASS = YES_ERROR;
				CLANG_WARN_UNREACHABLE_CODE = YES;
				CLANG_WARN__DUPLICATE_METHOD_MATCH = YES;
				"CODE_SIGN_IDENTITY[sdk=iphoneos*]" = "iPhone Developer";
				COPY_PHASE_STRIP = NO;
				ENABLE_STRICT_OBJC_MSGSEND = YES;
				GCC_C_LANGUAGE_STANDARD = gnu99;
				GCC_DYNAMIC_NO_PIC = NO;
				GCC_OPTIMIZATION_LEVEL = 0;
				GCC_PREPROCESSOR_DEFINITIONS = (
					"DEBUG=1",
					"$(inherited)",
				);
				GCC_SYMBOLS_PRIVATE_EXTERN = NO;
				GCC_WARN_64_TO_32_BIT_CONVERSION = YES;
				GCC_WARN_ABOUT_RETURN_TYPE = YES_ERROR;
				GCC_WARN_UNDECLARED_SELECTOR = YES;
				GCC_WARN_UNINITIALIZED_AUTOS = YES_AGGRESSIVE;
				GCC_WARN_UNUSED_FUNCTION = YES;
				GCC_WARN_UNUSED_VARIABLE = YES;
				IPHONEOS_DEPLOYMENT_TARGET = 8.1;
				MTL_ENABLE_DEBUG_INFO = YES;
				ONLY_ACTIVE_ARCH = YES;
				SDKROOT = iphoneos;
				SWIFT_OPTIMIZATION_LEVEL = "-Onone";
				TARGETED_DEVICE_FAMILY = 2;
			};
			name = Debug;
		};
		1DC5BB6D1A37AA4500F8DA6F /* Release */ = {
			isa = XCBuildConfiguration;
			buildSettings = {
				ALWAYS_SEARCH_USER_PATHS = NO;
				CLANG_CXX_LANGUAGE_STANDARD = "gnu++0x";
				CLANG_CXX_LIBRARY = "libc++";
				CLANG_ENABLE_MODULES = YES;
				CLANG_ENABLE_OBJC_ARC = YES;
				CLANG_WARN_BOOL_CONVERSION = YES;
				CLANG_WARN_CONSTANT_CONVERSION = YES;
				CLANG_WARN_DIRECT_OBJC_ISA_USAGE = YES_ERROR;
				CLANG_WARN_EMPTY_BODY = YES;
				CLANG_WARN_ENUM_CONVERSION = YES;
				CLANG_WARN_INT_CONVERSION = YES;
				CLANG_WARN_OBJC_ROOT_CLASS = YES_ERROR;
				CLANG_WARN_UNREACHABLE_CODE = YES;
				CLANG_WARN__DUPLICATE_METHOD_MATCH = YES;
				"CODE_SIGN_IDENTITY[sdk=iphoneos*]" = "iPhone Developer";
				COPY_PHASE_STRIP = YES;
				ENABLE_NS_ASSERTIONS = NO;
				ENABLE_STRICT_OBJC_MSGSEND = YES;
				GCC_C_LANGUAGE_STANDARD = gnu99;
				GCC_WARN_64_TO_32_BIT_CONVERSION = YES;
				GCC_WARN_ABOUT_RETURN_TYPE = YES_ERROR;
				GCC_WARN_UNDECLARED_SELECTOR = YES;
				GCC_WARN_UNINITIALIZED_AUTOS = YES_AGGRESSIVE;
				GCC_WARN_UNUSED_FUNCTION = YES;
				GCC_WARN_UNUSED_VARIABLE = YES;
				IPHONEOS_DEPLOYMENT_TARGET = 8.1;
				MTL_ENABLE_DEBUG_INFO = NO;
				SDKROOT = iphoneos;
				TARGETED_DEVICE_FAMILY = 2;
				VALIDATE_PRODUCT = YES;
			};
			name = Release;
		};
		1DC5BB6F1A37AA4500F8DA6F /* Debug */ = {
			isa = XCBuildConfiguration;
			buildSettings = {
				ASSETCATALOG_COMPILER_APPICON_NAME = AppIcon;
				ASSETCATALOG_COMPILER_LAUNCHIMAGE_NAME = LaunchImage;
				INFOPLIST_FILE = BioFarm/Info.plist;
				LD_RUNPATH_SEARCH_PATHS = "$(inherited) @executable_path/Frameworks";
				PRODUCT_NAME = "$(TARGET_NAME)";
			};
			name = Debug;
		};
		1DC5BB701A37AA4500F8DA6F /* Release */ = {
			isa = XCBuildConfiguration;
			buildSettings = {
				ASSETCATALOG_COMPILER_APPICON_NAME = AppIcon;
				ASSETCATALOG_COMPILER_LAUNCHIMAGE_NAME = LaunchImage;
				INFOPLIST_FILE = BioFarm/Info.plist;
				LD_RUNPATH_SEARCH_PATHS = "$(inherited) @executable_path/Frameworks";
				PRODUCT_NAME = "$(TARGET_NAME)";
			};
			name = Release;
		};
		1DC5BB721A37AA4500F8DA6F /* Debug */ = {
			isa = XCBuildConfiguration;
			buildSettings = {
				BUNDLE_LOADER = "$(TEST_HOST)";
				FRAMEWORK_SEARCH_PATHS = (
					"$(SDKROOT)/Developer/Library/Frameworks",
					"$(inherited)",
				);
				GCC_PREPROCESSOR_DEFINITIONS = (
					"DEBUG=1",
					"$(inherited)",
				);
				INFOPLIST_FILE = BioFarmTests/Info.plist;
				LD_RUNPATH_SEARCH_PATHS = "$(inherited) @executable_path/Frameworks @loader_path/Frameworks";
				PRODUCT_NAME = "$(TARGET_NAME)";
				TEST_HOST = "$(BUILT_PRODUCTS_DIR)/BioFarm.app/BioFarm";
			};
			name = Debug;
		};
		1DC5BB731A37AA4500F8DA6F /* Release */ = {
			isa = XCBuildConfiguration;
			buildSettings = {
				BUNDLE_LOADER = "$(TEST_HOST)";
				FRAMEWORK_SEARCH_PATHS = (
					"$(SDKROOT)/Developer/Library/Frameworks",
					"$(inherited)",
				);
				INFOPLIST_FILE = BioFarmTests/Info.plist;
				LD_RUNPATH_SEARCH_PATHS = "$(inherited) @executable_path/Frameworks @loader_path/Frameworks";
				PRODUCT_NAME = "$(TARGET_NAME)";
				TEST_HOST = "$(BUILT_PRODUCTS_DIR)/BioFarm.app/BioFarm";
			};
			name = Release;
		};
/* End XCBuildConfiguration section */

/* Begin XCConfigurationList section */
		1DC5BB4A1A37AA4400F8DA6F /* Build configuration list for PBXProject "BioFarm" */ = {
			isa = XCConfigurationList;
			buildConfigurations = (
				1DC5BB6C1A37AA4500F8DA6F /* Debug */,
				1DC5BB6D1A37AA4500F8DA6F /* Release */,
			);
			defaultConfigurationIsVisible = 0;
			defaultConfigurationName = Release;
		};
		1DC5BB6E1A37AA4500F8DA6F /* Build configuration list for PBXNativeTarget "BioFarm" */ = {
			isa = XCConfigurationList;
			buildConfigurations = (
				1DC5BB6F1A37AA4500F8DA6F /* Debug */,
				1DC5BB701A37AA4500F8DA6F /* Release */,
			);
			defaultConfigurationIsVisible = 0;
			defaultConfigurationName = Release;
		};
		1DC5BB711A37AA4500F8DA6F /* Build configuration list for PBXNativeTarget "BioFarmTests" */ = {
			isa = XCConfigurationList;
			buildConfigurations = (
				1DC5BB721A37AA4500F8DA6F /* Debug */,
				1DC5BB731A37AA4500F8DA6F /* Release */,
			);
			defaultConfigurationIsVisible = 0;
			defaultConfigurationName = Release;
		};
/* End XCConfigurationList section */
	};
	rootObject = 1DC5BB471A37AA4400F8DA6F /* Project object */;
}
